
Microsoft Visual Studio Solution File, Format Version 12.00
# Visual Studio Version 17
VisualStudioVersion = 17.0.31903.59
MinimumVisualStudioVersion = 10.0.40219.1
Project("{2150E333-8FDC-42A3-9474-1A3956D46DE8}") = "src", "src", "{DB0B4030-F503-4783-A638-0869D82F60C7}"
EndProject
Project("{FAE04EC0-301F-11D3-BF4B-00C04F79EFBC}") = "AuctionService", "src\AuctionService\AuctionService.csproj", "{B9B7A40A-51D2-42B7-A4FE-3CE64CEDE6BF}"
EndProject
Global
	GlobalSection(SolutionConfigurationPlatforms) = preSolution
		Debug|Any CPU = Debug|Any CPU
		Release|Any CPU = Release|Any CPU
	EndGlobalSection
	GlobalSection(ProjectConfigurationPlatforms) = postSolution
		{B9B7A40A-51D2-42B7-A4FE-3CE64CEDE6BF}.Debug|Any CPU.ActiveCfg = Debug|Any CPU
		{B9B7A40A-51D2-42B7-A4FE-3CE64CEDE6BF}.Debug|Any CPU.Build.0 = Debug|Any CPU
		{B9B7A40A-51D2-42B7-A4FE-3CE64CEDE6BF}.Release|Any CPU.ActiveCfg = Release|Any CPU
		{B9B7A40A-51D2-42B7-A4FE-3CE64CEDE6BF}.Release|Any CPU.Build.0 = Release|Any CPU
	EndGlobalSection
	GlobalSection(SolutionProperties) = preSolution
		HideSolutionNode = FALSE
	EndGlobalSection
	GlobalSection(NestedProjects) = preSolution
		{B9B7A40A-51D2-42B7-A4FE-3CE64CEDE6BF} = {DB0B4030-F503-4783-A638-0869D82F60C7}
	EndGlobalSection
EndGlobal
